// !$*UTF8*$!
{
	archiveVersion = 1;
	classes = {
	};
	objectVersion = 55;
	objects = {

/* Begin PBXBuildFile section */
		E069D756292605EB00F43AF2 /* PruebaPragmaApp.swift in Sources */ = {isa = PBXBuildFile; fileRef = E069D755292605EB00F43AF2 /* PruebaPragmaApp.swift */; };
		E069D758292605EB00F43AF2 /* ContentView.swift in Sources */ = {isa = PBXBuildFile; fileRef = E069D757292605EB00F43AF2 /* ContentView.swift */; };
		E069D75A292605EF00F43AF2 /* Assets.xcassets in Resources */ = {isa = PBXBuildFile; fileRef = E069D759292605EF00F43AF2 /* Assets.xcassets */; };
		E069D75D292605F000F43AF2 /* Preview Assets.xcassets in Resources */ = {isa = PBXBuildFile; fileRef = E069D75C292605F000F43AF2 /* Preview Assets.xcassets */; };
		E069D75F292605F000F43AF2 /* Persistence.swift in Sources */ = {isa = PBXBuildFile; fileRef = E069D75E292605F000F43AF2 /* Persistence.swift */; };
		E069D762292605F000F43AF2 /* PruebaPragma.xcdatamodeld in Sources */ = {isa = PBXBuildFile; fileRef = E069D760292605F000F43AF2 /* PruebaPragma.xcdatamodeld */; };
		E069D76C292605F000F43AF2 /* PruebaPragmaTests.swift in Sources */ = {isa = PBXBuildFile; fileRef = E069D76B292605F000F43AF2 /* PruebaPragmaTests.swift */; };
		E069D776292605F000F43AF2 /* PruebaPragmaUITests.swift in Sources */ = {isa = PBXBuildFile; fileRef = E069D775292605F000F43AF2 /* PruebaPragmaUITests.swift */; };
		E069D778292605F000F43AF2 /* PruebaPragmaUITestsLaunchTests.swift in Sources */ = {isa = PBXBuildFile; fileRef = E069D777292605F000F43AF2 /* PruebaPragmaUITestsLaunchTests.swift */; };
/* End PBXBuildFile section */

/* Begin PBXContainerItemProxy section */
		E069D768292605F000F43AF2 /* PBXContainerItemProxy */ = {
			isa = PBXContainerItemProxy;
			containerPortal = E069D74A292605EB00F43AF2 /* Project object */;
			proxyType = 1;
			remoteGlobalIDString = E069D751292605EB00F43AF2;
			remoteInfo = PruebaPragma;
		};
		E069D772292605F000F43AF2 /* PBXContainerItemProxy */ = {
			isa = PBXContainerItemProxy;
			containerPortal = E069D74A292605EB00F43AF2 /* Project object */;
			proxyType = 1;
			remoteGlobalIDString = E069D751292605EB00F43AF2;
			remoteInfo = PruebaPragma;
		};
/* End PBXContainerItemProxy section */

/* Begin PBXFileReference section */
		E069D752292605EB00F43AF2 /* PruebaPragma.app */ = {isa = PBXFileReference; explicitFileType = wrapper.application; includeInIndex = 0; path = PruebaPragma.app; sourceTree = BUILT_PRODUCTS_DIR; };
		E069D755292605EB00F43AF2 /* PruebaPragmaApp.swift */ = {isa = PBXFileReference; lastKnownFileType = sourcecode.swift; path = PruebaPragmaApp.swift; sourceTree = "<group>"; };
		E069D757292605EB00F43AF2 /* ContentView.swift */ = {isa = PBXFileReference; lastKnownFileType = sourcecode.swift; path = ContentView.swift; sourceTree = "<group>"; };
		E069D759292605EF00F43AF2 /* Assets.xcassets */ = {isa = PBXFileReference; lastKnownFileType = folder.assetcatalog; path = Assets.xcassets; sourceTree = "<group>"; };
		E069D75C292605F000F43AF2 /* Preview Assets.xcassets */ = {isa = PBXFileReference; lastKnownFileType = folder.assetcatalog; path = "Preview Assets.xcassets"; sourceTree = "<group>"; };
		E069D75E292605F000F43AF2 /* Persistence.swift */ = {isa = PBXFileReference; lastKnownFileType = sourcecode.swift; path = Persistence.swift; sourceTree = "<group>"; };
		E069D761292605F000F43AF2 /* PruebaPragma.xcdatamodel */ = {isa = PBXFileReference; lastKnownFileType = wrapper.xcdatamodel; path = PruebaPragma.xcdatamodel; sourceTree = "<group>"; };
		E069D767292605F000F43AF2 /* PruebaPragmaTests.xctest */ = {isa = PBXFileReference; explicitFileType = wrapper.cfbundle; includeInIndex = 0; path = PruebaPragmaTests.xctest; sourceTree = BUILT_PRODUCTS_DIR; };
		E069D76B292605F000F43AF2 /* PruebaPragmaTests.swift */ = {isa = PBXFileReference; lastKnownFileType = sourcecode.swift; path = PruebaPragmaTests.swift; sourceTree = "<group>"; };
		E069D771292605F000F43AF2 /* PruebaPragmaUITests.xctest */ = {isa = PBXFileReference; explicitFileType = wrapper.cfbundle; includeInIndex = 0; path = PruebaPragmaUITests.xctest; sourceTree = BUILT_PRODUCTS_DIR; };
		E069D775292605F000F43AF2 /* PruebaPragmaUITests.swift */ = {isa = PBXFileReference; lastKnownFileType = sourcecode.swift; path = PruebaPragmaUITests.swift; sourceTree = "<group>"; };
		E069D777292605F000F43AF2 /* PruebaPragmaUITestsLaunchTests.swift */ = {isa = PBXFileReference; lastKnownFileType = sourcecode.swift; path = PruebaPragmaUITestsLaunchTests.swift; sourceTree = "<group>"; };
/* End PBXFileReference section */

/* Begin PBXFrameworksBuildPhase section */
		E069D74F292605EB00F43AF2 /* Frameworks */ = {
			isa = PBXFrameworksBuildPhase;
			buildActionMask = 2147483647;
			files = (
			);
			runOnlyForDeploymentPostprocessing = 0;
		};
		E069D764292605F000F43AF2 /* Frameworks */ = {
			isa = PBXFrameworksBuildPhase;
			buildActionMask = 2147483647;
			files = (
			);
			runOnlyForDeploymentPostprocessing = 0;
		};
		E069D76E292605F000F43AF2 /* Frameworks */ = {
			isa = PBXFrameworksBuildPhase;
			buildActionMask = 2147483647;
			files = (
			);
			runOnlyForDeploymentPostprocessing = 0;
		};
/* End PBXFrameworksBuildPhase section */

/* Begin PBXGroup section */
		E069D749292605EB00F43AF2 = {
			isa = PBXGroup;
			children = (
				E069D754292605EB00F43AF2 /* PruebaPragma */,
				E069D76A292605F000F43AF2 /* PruebaPragmaTests */,
				E069D774292605F000F43AF2 /* PruebaPragmaUITests */,
				E069D753292605EB00F43AF2 /* Products */,
			);
			sourceTree = "<group>";
		};
		E069D753292605EB00F43AF2 /* Products */ = {
			isa = PBXGroup;
			children = (
				E069D752292605EB00F43AF2 /* PruebaPragma.app */,
				E069D767292605F000F43AF2 /* PruebaPragmaTests.xctest */,
				E069D771292605F000F43AF2 /* PruebaPragmaUITests.xctest */,
			);
			name = Products;
			sourceTree = "<group>";
		};
		E069D754292605EB00F43AF2 /* PruebaPragma */ = {
			isa = PBXGroup;
			children = (
				E069D755292605EB00F43AF2 /* PruebaPragmaApp.swift */,
				E069D757292605EB00F43AF2 /* ContentView.swift */,
				E069D759292605EF00F43AF2 /* Assets.xcassets */,
				E069D75E292605F000F43AF2 /* Persistence.swift */,
				E069D760292605F000F43AF2 /* PruebaPragma.xcdatamodeld */,
				E069D75B292605F000F43AF2 /* Preview Content */,
			);
			path = PruebaPragma;
			sourceTree = "<group>";
		};
		E069D75B292605F000F43AF2 /* Preview Content */ = {
			isa = PBXGroup;
			children = (
				E069D75C292605F000F43AF2 /* Preview Assets.xcassets */,
			);
			path = "Preview Content";
			sourceTree = "<group>";
		};
		E069D76A292605F000F43AF2 /* PruebaPragmaTests */ = {
			isa = PBXGroup;
			children = (
				E069D76B292605F000F43AF2 /* PruebaPragmaTests.swift */,
			);
			path = PruebaPragmaTests;
			sourceTree = "<group>";
		};
		E069D774292605F000F43AF2 /* PruebaPragmaUITests */ = {
			isa = PBXGroup;
			children = (
				E069D775292605F000F43AF2 /* PruebaPragmaUITests.swift */,
				E069D777292605F000F43AF2 /* PruebaPragmaUITestsLaunchTests.swift */,
			);
			path = PruebaPragmaUITests;
			sourceTree = "<group>";
		};
/* End PBXGroup section */

/* Begin PBXNativeTarget section */
		E069D751292605EB00F43AF2 /* PruebaPragma */ = {
			isa = PBXNativeTarget;
			buildConfigurationList = E069D77B292605F000F43AF2 /* Build configuration list for PBXNativeTarget "PruebaPragma" */;
			buildPhases = (
				E069D74E292605EB00F43AF2 /* Sources */,
				E069D74F292605EB00F43AF2 /* Frameworks */,
				E069D750292605EB00F43AF2 /* Resources */,
			);
			buildRules = (
			);
			dependencies = (
			);
			name = PruebaPragma;
			productName = PruebaPragma;
			productReference = E069D752292605EB00F43AF2 /* PruebaPragma.app */;
			productType = "com.apple.product-type.application";
		};
		E069D766292605F000F43AF2 /* PruebaPragmaTests */ = {
			isa = PBXNativeTarget;
			buildConfigurationList = E069D77E292605F000F43AF2 /* Build configuration list for PBXNativeTarget "PruebaPragmaTests" */;
			buildPhases = (
				E069D763292605F000F43AF2 /* Sources */,
				E069D764292605F000F43AF2 /* Frameworks */,
				E069D765292605F000F43AF2 /* Resources */,
			);
			buildRules = (
			);
			dependencies = (
				E069D769292605F000F43AF2 /* PBXTargetDependency */,
			);
			name = PruebaPragmaTests;
			productName = PruebaPragmaTests;
			productReference = E069D767292605F000F43AF2 /* PruebaPragmaTests.xctest */;
			productType = "com.apple.product-type.bundle.unit-test";
		};
		E069D770292605F000F43AF2 /* PruebaPragmaUITests */ = {
			isa = PBXNativeTarget;
			buildConfigurationList = E069D781292605F000F43AF2 /* Build configuration list for PBXNativeTarget "PruebaPragmaUITests" */;
			buildPhases = (
				E069D76D292605F000F43AF2 /* Sources */,
				E069D76E292605F000F43AF2 /* Frameworks */,
				E069D76F292605F000F43AF2 /* Resources */,
			);
			buildRules = (
			);
			dependencies = (
				E069D773292605F000F43AF2 /* PBXTargetDependency */,
			);
			name = PruebaPragmaUITests;
			productName = PruebaPragmaUITests;
			productReference = E069D771292605F000F43AF2 /* PruebaPragmaUITests.xctest */;
			productType = "com.apple.product-type.bundle.ui-testing";
		};
/* End PBXNativeTarget section */

/* Begin PBXProject section */
		E069D74A292605EB00F43AF2 /* Project object */ = {
			isa = PBXProject;
			attributes = {
				BuildIndependentTargetsInParallel = 1;
				LastSwiftUpdateCheck = 1340;
				LastUpgradeCheck = 1340;
				TargetAttributes = {
					E069D751292605EB00F43AF2 = {
						CreatedOnToolsVersion = 13.4.1;
					};
					E069D766292605F000F43AF2 = {
						CreatedOnToolsVersion = 13.4.1;
						TestTargetID = E069D751292605EB00F43AF2;
					};
					E069D770292605F000F43AF2 = {
						CreatedOnToolsVersion = 13.4.1;
						TestTargetID = E069D751292605EB00F43AF2;
					};
				};
			};
			buildConfigurationList = E069D74D292605EB00F43AF2 /* Build configuration list for PBXProject "PruebaPragma" */;
			compatibilityVersion = "Xcode 13.0";
			developmentRegion = en;
			hasScannedForEncodings = 0;
			knownRegions = (
				en,
				Base,
			);
			mainGroup = E069D749292605EB00F43AF2;
			productRefGroup = E069D753292605EB00F43AF2 /* Products */;
			projectDirPath = "";
			projectRoot = "";
			targets = (
				E069D751292605EB00F43AF2 /* PruebaPragma */,
				E069D766292605F000F43AF2 /* PruebaPragmaTests */,
				E069D770292605F000F43AF2 /* PruebaPragmaUITests */,
			);
		};
/* End PBXProject section */

/* Begin PBXResourcesBuildPhase section */
		E069D750292605EB00F43AF2 /* Resources */ = {
			isa = PBXResourcesBuildPhase;
			buildActionMask = 2147483647;
			files = (
				E069D75D292605F000F43AF2 /* Preview Assets.xcassets in Resources */,
				E069D75A292605EF00F43AF2 /* Assets.xcassets in Resources */,
			);
			runOnlyForDeploymentPostprocessing = 0;
		};
		E069D765292605F000F43AF2 /* Resources */ = {
			isa = PBXResourcesBuildPhase;
			buildActionMask = 2147483647;
			files = (
			);
			runOnlyForDeploymentPostprocessing = 0;
		};
		E069D76F292605F000F43AF2 /* Resources */ = {
			isa = PBXResourcesBuildPhase;
			buildActionMask = 2147483647;
			files = (
			);
			runOnlyForDeploymentPostprocessing = 0;
		};
/* End PBXResourcesBuildPhase section */

/* Begin PBXSourcesBuildPhase section */
		E069D74E292605EB00F43AF2 /* Sources */ = {
			isa = PBXSourcesBuildPhase;
			buildActionMask = 2147483647;
			files = (
				E069D762292605F000F43AF2 /* PruebaPragma.xcdatamodeld in Sources */,
				E069D75F292605F000F43AF2 /* Persistence.swift in Sources */,
				E069D758292605EB00F43AF2 /* ContentView.swift in Sources */,
				E069D756292605EB00F43AF2 /* PruebaPragmaApp.swift in Sources */,
			);
			runOnlyForDeploymentPostprocessing = 0;
		};
		E069D763292605F000F43AF2 /* Sources */ = {
			isa = PBXSourcesBuildPhase;
			buildActionMask = 2147483647;
			files = (
				E069D76C292605F000F43AF2 /* PruebaPragmaTests.swift in Sources */,
			);
			runOnlyForDeploymentPostprocessing = 0;
		};
		E069D76D292605F000F43AF2 /* Sources */ = {
			isa = PBXSourcesBuildPhase;
			buildActionMask = 2147483647;
			files = (
				E069D776292605F000F43AF2 /* PruebaPragmaUITests.swift in Sources */,
				E069D778292605F000F43AF2 /* PruebaPragmaUITestsLaunchTests.swift in Sources */,
			);
			runOnlyForDeploymentPostprocessing = 0;
		};
/* End PBXSourcesBuildPhase section */

/* Begin PBXTargetDependency section */
		E069D769292605F000F43AF2 /* PBXTargetDependency */ = {
			isa = PBXTargetDependency;
			target = E069D751292605EB00F43AF2 /* PruebaPragma */;
			targetProxy = E069D768292605F000F43AF2 /* PBXContainerItemProxy */;
		};
		E069D773292605F000F43AF2 /* PBXTargetDependency */ = {
			isa = PBXTargetDependency;
			target = E069D751292605EB00F43AF2 /* PruebaPragma */;
			targetProxy = E069D772292605F000F43AF2 /* PBXContainerItemProxy */;
		};
/* End PBXTargetDependency section */

/* Begin XCBuildConfiguration section */
		E069D779292605F000F43AF2 /* Debug */ = {
			isa = XCBuildConfiguration;
			buildSettings = {
				ALWAYS_SEARCH_USER_PATHS = NO;
				CLANG_ANALYZER_NONNULL = YES;
				CLANG_ANALYZER_NUMBER_OBJECT_CONVERSION = YES_AGGRESSIVE;
				CLANG_CXX_LANGUAGE_STANDARD = "gnu++17";
				CLANG_ENABLE_MODULES = YES;
				CLANG_ENABLE_OBJC_ARC = YES;
				CLANG_ENABLE_OBJC_WEAK = YES;
				CLANG_WARN_BLOCK_CAPTURE_AUTORELEASING = YES;
				CLANG_WARN_BOOL_CONVERSION = YES;
				CLANG_WARN_COMMA = YES;
				CLANG_WARN_CONSTANT_CONVERSION = YES;
				CLANG_WARN_DEPRECATED_OBJC_IMPLEMENTATIONS = YES;
				CLANG_WARN_DIRECT_OBJC_ISA_USAGE = YES_ERROR;
				CLANG_WARN_DOCUMENTATION_COMMENTS = YES;
				CLANG_WARN_EMPTY_BODY = YES;
				CLANG_WARN_ENUM_CONVERSION = YES;
				CLANG_WARN_INFINITE_RECURSION = YES;
				CLANG_WARN_INT_CONVERSION = YES;
				CLANG_WARN_NON_LITERAL_NULL_CONVERSION = YES;
				CLANG_WARN_OBJC_IMPLICIT_RETAIN_SELF = YES;
				CLANG_WARN_OBJC_LITERAL_CONVERSION = YES;
				CLANG_WARN_OBJC_ROOT_CLASS = YES_ERROR;
				CLANG_WARN_QUOTED_INCLUDE_IN_FRAMEWORK_HEADER = YES;
				CLANG_WARN_RANGE_LOOP_ANALYSIS = YES;
				CLANG_WARN_STRICT_PROTOTYPES = YES;
				CLANG_WARN_SUSPICIOUS_MOVE = YES;
				CLANG_WARN_UNGUARDED_AVAILABILITY = YES_AGGRESSIVE;
				CLANG_WARN_UNREACHABLE_CODE = YES;
				CLANG_WARN__DUPLICATE_METHOD_MATCH = YES;
				COPY_PHASE_STRIP = NO;
				DEBUG_INFORMATION_FORMAT = dwarf;
				ENABLE_STRICT_OBJC_MSGSEND = YES;
				ENABLE_TESTABILITY = YES;
				GCC_C_LANGUAGE_STANDARD = gnu11;
				GCC_DYNAMIC_NO_PIC = NO;
				GCC_NO_COMMON_BLOCKS = YES;
				GCC_OPTIMIZATION_LEVEL = 0;
				GCC_PREPROCESSOR_DEFINITIONS = (
					"DEBUG=1",
					"$(inherited)",
				);
				GCC_WARN_64_TO_32_BIT_CONVERSION = YES;
				GCC_WARN_ABOUT_RETURN_TYPE = YES_ERROR;
				GCC_WARN_UNDECLARED_SELECTOR = YES;
				GCC_WARN_UNINITIALIZED_AUTOS = YES_AGGRESSIVE;
				GCC_WARN_UNUSED_FUNCTION = YES;
				GCC_WARN_UNUSED_VARIABLE = YES;
				IPHONEOS_DEPLOYMENT_TARGET = 15.5;
				MTL_ENABLE_DEBUG_INFO = INCLUDE_SOURCE;
				MTL_FAST_MATH = YES;
				ONLY_ACTIVE_ARCH = YES;
				SDKROOT = iphoneos;
				SWIFT_ACTIVE_COMPILATION_CONDITIONS = DEBUG;
				SWIFT_OPTIMIZATION_LEVEL = "-Onone";
			};
			name = Debug;
		};
		E069D77A292605F000F43AF2 /* Release */ = {
			isa = XCBuildConfiguration;
			buildSettings = {
				ALWAYS_SEARCH_USER_PATHS = NO;
				CLANG_ANALYZER_NONNULL = YES;
				CLANG_ANALYZER_NUMBER_OBJECT_CONVERSION = YES_AGGRESSIVE;
				CLANG_CXX_LANGUAGE_STANDARD = "gnu++17";
				CLANG_ENABLE_MODULES = YES;
				CLANG_ENABLE_OBJC_ARC = YES;
				CLANG_ENABLE_OBJC_WEAK = YES;
				CLANG_WARN_BLOCK_CAPTURE_AUTORELEASING = YES;
				CLANG_WARN_BOOL_CONVERSION = YES;
				CLANG_WARN_COMMA = YES;
				CLANG_WARN_CONSTANT_CONVERSION = YES;
				CLANG_WARN_DEPRECATED_OBJC_IMPLEMENTATIONS = YES;
				CLANG_WARN_DIRECT_OBJC_ISA_USAGE = YES_ERROR;
				CLANG_WARN_DOCUMENTATION_COMMENTS = YES;
				CLANG_WARN_EMPTY_BODY = YES;
				CLANG_WARN_ENUM_CONVERSION = YES;
				CLANG_WARN_INFINITE_RECURSION = YES;
				CLANG_WARN_INT_CONVERSION = YES;
				CLANG_WARN_NON_LITERAL_NULL_CONVERSION = YES;
				CLANG_WARN_OBJC_IMPLICIT_RETAIN_SELF = YES;
				CLANG_WARN_OBJC_LITERAL_CONVERSION = YES;
				CLANG_WARN_OBJC_ROOT_CLASS = YES_ERROR;
				CLANG_WARN_QUOTED_INCLUDE_IN_FRAMEWORK_HEADER = YES;
				CLANG_WARN_RANGE_LOOP_ANALYSIS = YES;
				CLANG_WARN_STRICT_PROTOTYPES = YES;
				CLANG_WARN_SUSPICIOUS_MOVE = YES;
				CLANG_WARN_UNGUARDED_AVAILABILITY = YES_AGGRESSIVE;
				CLANG_WARN_UNREACHABLE_CODE = YES;
				CLANG_WARN__DUPLICATE_METHOD_MATCH = YES;
				COPY_PHASE_STRIP = NO;
				DEBUG_INFORMATION_FORMAT = "dwarf-with-dsym";
				ENABLE_NS_ASSERTIONS = NO;
				ENABLE_STRICT_OBJC_MSGSEND = YES;
				GCC_C_LANGUAGE_STANDARD = gnu11;
				GCC_NO_COMMON_BLOCKS = YES;
				GCC_WARN_64_TO_32_BIT_CONVERSION = YES;
				GCC_WARN_ABOUT_RETURN_TYPE = YES_ERROR;
				GCC_WARN_UNDECLARED_SELECTOR = YES;
				GCC_WARN_UNINITIALIZED_AUTOS = YES_AGGRESSIVE;
				GCC_WARN_UNUSED_FUNCTION = YES;
				GCC_WARN_UNUSED_VARIABLE = YES;
				IPHONEOS_DEPLOYMENT_TARGET = 15.5;
				MTL_ENABLE_DEBUG_INFO = NO;
				MTL_FAST_MATH = YES;
				SDKROOT = iphoneos;
				SWIFT_COMPILATION_MODE = wholemodule;
				SWIFT_OPTIMIZATION_LEVEL = "-O";
				VALIDATE_PRODUCT = YES;
			};
			name = Release;
		};
		E069D77C292605F000F43AF2 /* Debug */ = {
			isa = XCBuildConfiguration;
			buildSettings = {
				ASSETCATALOG_COMPILER_APPICON_NAME = AppIcon;
				ASSETCATALOG_COMPILER_GLOBAL_ACCENT_COLOR_NAME = AccentColor;
				CODE_SIGN_STYLE = Automatic;
				CURRENT_PROJECT_VERSION = 1;
				DEVELOPMENT_ASSET_PATHS = "\"PruebaPragma/Preview Content\"";
				DEVELOPMENT_TEAM = K357BR6MN2;
				ENABLE_PREVIEWS = YES;
				GENERATE_INFOPLIST_FILE = YES;
				INFOPLIST_KEY_UIApplicationSceneManifest_Generation = YES;
				INFOPLIST_KEY_UIApplicationSupportsIndirectInputEvents = YES;
				INFOPLIST_KEY_UILaunchScreen_Generation = YES;
				INFOPLIST_KEY_UISupportedInterfaceOrientations_iPad = "UIInterfaceOrientationPortrait UIInterfaceOrientationPortraitUpsideDown UIInterfaceOrientationLandscapeLeft UIInterfaceOrientationLandscapeRight";
				INFOPLIST_KEY_UISupportedInterfaceOrientations_iPhone = "UIInterfaceOrientationPortrait UIInterfaceOrientationLandscapeLeft UIInterfaceOrientationLandscapeRight";
				LD_RUNPATH_SEARCH_PATHS = (
					"$(inherited)",
					"@executable_path/Frameworks",
				);
				MARKETING_VERSION = 1.0;
				PRODUCT_BUNDLE_IDENTIFIER = com.andcamilo.PruebaPragma;
				PRODUCT_NAME = "$(TARGET_NAME)";
				SWIFT_EMIT_LOC_STRINGS = YES;
				SWIFT_VERSION = 5.0;
				TARGETED_DEVICE_FAMILY = "1,2";
			};
			name = Debug;
		};
		E069D77D292605F000F43AF2 /* Release */ = {
			isa = XCBuildConfiguration;
			buildSettings = {
				ASSETCATALOG_COMPILER_APPICON_NAME = AppIcon;
				ASSETCATALOG_COMPILER_GLOBAL_ACCENT_COLOR_NAME = AccentColor;
				CODE_SIGN_STYLE = Automatic;
				CURRENT_PROJECT_VERSION = 1;
				DEVELOPMENT_ASSET_PATHS = "\"PruebaPragma/Preview Content\"";
				DEVELOPMENT_TEAM = K357BR6MN2;
				ENABLE_PREVIEWS = YES;
				GENERATE_INFOPLIST_FILE = YES;
				INFOPLIST_KEY_UIApplicationSceneManifest_Generation = YES;
				INFOPLIST_KEY_UIApplicationSupportsIndirectInputEvents = YES;
				INFOPLIST_KEY_UILaunchScreen_Generation = YES;
				INFOPLIST_KEY_UISupportedInterfaceOrientations_iPad = "UIInterfaceOrientationPortrait UIInterfaceOrientationPortraitUpsideDown UIInterfaceOrientationLandscapeLeft UIInterfaceOrientationLandscapeRight";
				INFOPLIST_KEY_UISupportedInterfaceOrientations_iPhone = "UIInterfaceOrientationPortrait UIInterfaceOrientationLandscapeLeft UIInterfaceOrientationLandscapeRight";
				LD_RUNPATH_SEARCH_PATHS = (
					"$(inherited)",
					"@executable_path/Frameworks",
				);
				MARKETING_VERSION = 1.0;
				PRODUCT_BUNDLE_IDENTIFIER = com.andcamilo.PruebaPragma;
				PRODUCT_NAME = "$(TARGET_NAME)";
				SWIFT_EMIT_LOC_STRINGS = YES;
				SWIFT_VERSION = 5.0;
				TARGETED_DEVICE_FAMILY = "1,2";
			};
			name = Release;
		};
		E069D77F292605F000F43AF2 /* Debug */ = {
			isa = XCBuildConfiguration;
			buildSettings = {
				ALWAYS_EMBED_SWIFT_STANDARD_LIBRARIES = YES;
				BUNDLE_LOADER = "$(TEST_HOST)";
				CODE_SIGN_STYLE = Automatic;
				CURRENT_PROJECT_VERSION = 1;
				DEVELOPMENT_TEAM = K357BR6MN2;
				GENERATE_INFOPLIST_FILE = YES;
				IPHONEOS_DEPLOYMENT_TARGET = 15.5;
				MARKETING_VERSION = 1.0;
				PRODUCT_BUNDLE_IDENTIFIER = com.andcamilo.PruebaPragmaTests;
				PRODUCT_NAME = "$(TARGET_NAME)";
				SWIFT_EMIT_LOC_STRINGS = NO;
				SWIFT_VERSION = 5.0;
				TARGETED_DEVICE_FAMILY = "1,2";
				TEST_HOST = "$(BUILT_PRODUCTS_DIR)/PruebaPragma.app/PruebaPragma";
			};
			name = Debug;
		};
		E069D780292605F000F43AF2 /* Release */ = {
			isa = XCBuildConfiguration;
			buildSettings = {
				ALWAYS_EMBED_SWIFT_STANDARD_LIBRARIES = YES;
				BUNDLE_LOADER = "$(TEST_HOST)";
				CODE_SIGN_STYLE = Automatic;
				CURRENT_PROJECT_VERSION = 1;
				DEVELOPMENT_TEAM = K357BR6MN2;
				GENERATE_INFOPLIST_FILE = YES;
				IPHONEOS_DEPLOYMENT_TARGET = 15.5;
				MARKETING_VERSION = 1.0;
				PRODUCT_BUNDLE_IDENTIFIER = com.andcamilo.PruebaPragmaTests;
				PRODUCT_NAME = "$(TARGET_NAME)";
				SWIFT_EMIT_LOC_STRINGS = NO;
				SWIFT_VERSION = 5.0;
				TARGETED_DEVICE_FAMILY = "1,2";
				TEST_HOST = "$(BUILT_PRODUCTS_DIR)/PruebaPragma.app/PruebaPragma";
			};
			name = Release;
		};
		E069D782292605F000F43AF2 /* Debug */ = {
			isa = XCBuildConfiguration;
			buildSettings = {
				ALWAYS_EMBED_SWIFT_STANDARD_LIBRARIES = YES;
				CODE_SIGN_STYLE = Automatic;
				CURRENT_PROJECT_VERSION = 1;
				DEVELOPMENT_TEAM = K357BR6MN2;
				GENERATE_INFOPLIST_FILE = YES;
				MARKETING_VERSION = 1.0;
				PRODUCT_BUNDLE_IDENTIFIER = com.andcamilo.PruebaPragmaUITests;
				PRODUCT_NAME = "$(TARGET_NAME)";
				SWIFT_EMIT_LOC_STRINGS = NO;
				SWIFT_VERSION = 5.0;
				TARGETED_DEVICE_FAMILY = "1,2";
				TEST_TARGET_NAME = PruebaPragma;
			};
			name = Debug;
		};
		E069D783292605F000F43AF2 /* Release */ = {
			isa = XCBuildConfiguration;
			buildSettings = {
				ALWAYS_EMBED_SWIFT_STANDARD_LIBRARIES = YES;
				CODE_SIGN_STYLE = Automatic;
				CURRENT_PROJECT_VERSION = 1;
				DEVELOPMENT_TEAM = K357BR6MN2;
				GENERATE_INFOPLIST_FILE = YES;
				MARKETING_VERSION = 1.0;
				PRODUCT_BUNDLE_IDENTIFIER = com.andcamilo.PruebaPragmaUITests;
				PRODUCT_NAME = "$(TARGET_NAME)";
				SWIFT_EMIT_LOC_STRINGS = NO;
				SWIFT_VERSION = 5.0;
				TARGETED_DEVICE_FAMILY = "1,2";
				TEST_TARGET_NAME = PruebaPragma;
			};
			name = Release;
		};
/* End XCBuildConfiguration section */

/* Begin XCConfigurationList section */
		E069D74D292605EB00F43AF2 /* Build configuration list for PBXProject "PruebaPragma" */ = {
			isa = XCConfigurationList;
			buildConfigurations = (
				E069D779292605F000F43AF2 /* Debug */,
				E069D77A292605F000F43AF2 /* Release */,
			);
			defaultConfigurationIsVisible = 0;
			defaultConfigurationName = Release;
		};
		E069D77B292605F000F43AF2 /* Build configuration list for PBXNativeTarget "PruebaPragma" */ = {
			isa = XCConfigurationList;
			buildConfigurations = (
				E069D77C292605F000F43AF2 /* Debug */,
				E069D77D292605F000F43AF2 /* Release */,
			);
			defaultConfigurationIsVisible = 0;
			defaultConfigurationName = Release;
		};
		E069D77E292605F000F43AF2 /* Build configuration list for PBXNativeTarget "PruebaPragmaTests" */ = {
			isa = XCConfigurationList;
			buildConfigurations = (
				E069D77F292605F000F43AF2 /* Debug */,
				E069D780292605F000F43AF2 /* Release */,
			);
			defaultConfigurationIsVisible = 0;
			defaultConfigurationName = Release;
		};
		E069D781292605F000F43AF2 /* Build configuration list for PBXNativeTarget "PruebaPragmaUITests" */ = {
			isa = XCConfigurationList;
			buildConfigurations = (
				E069D782292605F000F43AF2 /* Debug */,
				E069D783292605F000F43AF2 /* Release */,
			);
			defaultConfigurationIsVisible = 0;
			defaultConfigurationName = Release;
		};
/* End XCConfigurationList section */

/* Begin XCVersionGroup section */
		E069D760292605F000F43AF2 /* PruebaPragma.xcdatamodeld */ = {
			isa = XCVersionGroup;
			children = (
				E069D761292605F000F43AF2 /* PruebaPragma.xcdatamodel */,
			);
			currentVersion = E069D761292605F000F43AF2 /* PruebaPragma.xcdatamodel */;
			path = PruebaPragma.xcdatamodeld;
			sourceTree = "<group>";
			versionGroupType = wrapper.xcdatamodel;
		};
/* End XCVersionGroup section */
	};
	rootObject = E069D74A292605EB00F43AF2 /* Project object */;
}
